
Microsoft Visual Studio Solution File, Format Version 12.00
# Visual Studio 15
VisualStudioVersion = 15.0.28307.168
MinimumVisualStudioVersion = 10.0.40219.1
Project("{FAE04EC0-301F-11D3-BF4B-00C04F79EFBC}") = "instaBot", "instaBot\instaBot.csproj", "{F4D4DCC0-73FD-4532-B358-06B99970B51D}"
EndProject
Global
	GlobalSection(SolutionConfigurationPlatforms) = preSolution
		Debug|Any CPU = Debug|Any CPU
		Release|Any CPU = Release|Any CPU
	EndGlobalSection
	GlobalSection(ProjectConfigurationPlatforms) = postSolution
		{F4D4DCC0-73FD-4532-B358-06B99970B51D}.Debug|Any CPU.ActiveCfg = Debug|Any CPU
		{F4D4DCC0-73FD-4532-B358-06B99970B51D}.Debug|Any CPU.Build.0 = Debug|Any CPU
		{F4D4DCC0-73FD-4532-B358-06B99970B51D}.Release|Any CPU.ActiveCfg = Release|Any CPU
		{F4D4DCC0-73FD-4532-B358-06B99970B51D}.Release|Any CPU.Build.0 = Release|Any CPU
	EndGlobalSection
	GlobalSection(SolutionProperties) = preSolution
		HideSolutionNode = FALSE
	EndGlobalSection
	GlobalSection(ExtensibilityGlobals) = postSolution
		SolutionGuid = {D09FAF5D-F44C-426A-8DF3-D99A606FF33C}
	EndGlobalSection
EndGlobal
